
Microsoft Visual Studio Solution File, Format Version 12.00
# Visual Studio Version 17
VisualStudioVersion = 17.5.33414.496
MinimumVisualStudioVersion = 10.0.40219.1
Project("{FAE04EC0-301F-11D3-BF4B-00C04F79EFBC}") = "Proyecto", "Proyecto.csproj", "{B9A3E3F8-1E9C-4DBA-82BF-6B45B430E1D1}"
EndProject
Global
	GlobalSection(SolutionConfigurationPlatforms) = preSolution
		Debug|Any CPU = Debug|Any CPU
		Release|Any CPU = Release|Any CPU
	EndGlobalSection
	GlobalSection(ProjectConfigurationPlatforms) = postSolution
		{B9A3E3F8-1E9C-4DBA-82BF-6B45B430E1D1}.Debug|Any CPU.ActiveCfg = Debug|Any CPU
		{B9A3E3F8-1E9C-4DBA-82BF-6B45B430E1D1}.Debug|Any CPU.Build.0 = Debug|Any CPU
		{B9A3E3F8-1E9C-4DBA-82BF-6B45B430E1D1}.Release|Any CPU.ActiveCfg = Release|Any CPU
		{B9A3E3F8-1E9C-4DBA-82BF-6B45B430E1D1}.Release|Any CPU.Build.0 = Release|Any CPU
	EndGlobalSection
	GlobalSection(SolutionProperties) = preSolution
		HideSolutionNode = FALSE
	EndGlobalSection
	GlobalSection(ExtensibilityGlobals) = postSolution
		SolutionGuid = {7A90F1C9-36B1-4B0B-BEB0-451230484EB6}
	EndGlobalSection
EndGlobal
